
Microsoft Visual Studio Solution File, Format Version 12.00
# Visual Studio Version 17
VisualStudioVersion = 17.4.33006.217
MinimumVisualStudioVersion = 10.0.40219.1
Project("{FAE04EC0-301F-11D3-BF4B-00C04F79EFBC}") = "SSar.Server", "SSar\Server\SSar.Server.csproj", "{CFECA06F-A881-4A26-B7EE-85C7CE0278FC}"
EndProject
Project("{FAE04EC0-301F-11D3-BF4B-00C04F79EFBC}") = "SSar.Client", "SSar\Client\SSar.Client.csproj", "{2602D446-67DE-4B36-928F-D15B9062CEB6}"
EndProject
Project("{FAE04EC0-301F-11D3-BF4B-00C04F79EFBC}") = "SSar.Shared", "SSar\Shared\SSar.Shared.csproj", "{9A052072-C8B7-4397-A79B-9E6BBCD3D075}"
EndProject
Project("{2150E333-8FDC-42A3-9474-1A3956D46DE8}") = "SolutionItems", "SolutionItems", "{49682776-5234-4281-9604-7F3C95137989}"
EndProject
Project("{2150E333-8FDC-42A3-9474-1A3956D46DE8}") = "Source", "Source", "{DBCAE2D5-F267-4845-B1A7-1C33738F574D}"
EndProject
Project("{2150E333-8FDC-42A3-9474-1A3956D46DE8}") = "Infrastructure", "Infrastructure", "{DE238DF8-C5DD-4B92-B2C4-0ED7EF199BFB}"
EndProject
Project("{2150E333-8FDC-42A3-9474-1A3956D46DE8}") = "Shared", "Shared", "{95D09120-391B-439F-8BED-051D5F9E5F0A}"
EndProject
Project("{2150E333-8FDC-42A3-9474-1A3956D46DE8}") = "Web", "Web", "{B7838164-4067-4F16-B043-4FA98E5DFCF0}"
EndProject
Project("{2150E333-8FDC-42A3-9474-1A3956D46DE8}") = "Client", "Client", "{7A1F1497-DFA8-40EE-8D29-85CC27149451}"
EndProject
Project("{2150E333-8FDC-42A3-9474-1A3956D46DE8}") = "Server", "Server", "{B20BF0C7-EE2E-4CD8-982D-BC2794CD08E5}"
EndProject
Project("{2150E333-8FDC-42A3-9474-1A3956D46DE8}") = "Core", "Core", "{5622A560-BE58-489F-8D9D-8A293FF8AAC3}"
EndProject
Project("{2150E333-8FDC-42A3-9474-1A3956D46DE8}") = "ThirdPartyLicenses", "ThirdPartyLicenses", "{B67EDDDD-5848-4CAE-A715-902B01DC0FC4}"
	ProjectSection(SolutionItems) = preProject
		BlazorHero.txt = BlazorHero.txt
	EndProjectSection
EndProject
Global
	GlobalSection(SolutionConfigurationPlatforms) = preSolution
		Debug|Any CPU = Debug|Any CPU
		Release|Any CPU = Release|Any CPU
	EndGlobalSection
	GlobalSection(ProjectConfigurationPlatforms) = postSolution
		{CFECA06F-A881-4A26-B7EE-85C7CE0278FC}.Debug|Any CPU.ActiveCfg = Debug|Any CPU
		{CFECA06F-A881-4A26-B7EE-85C7CE0278FC}.Debug|Any CPU.Build.0 = Debug|Any CPU
		{CFECA06F-A881-4A26-B7EE-85C7CE0278FC}.Release|Any CPU.ActiveCfg = Release|Any CPU
		{CFECA06F-A881-4A26-B7EE-85C7CE0278FC}.Release|Any CPU.Build.0 = Release|Any CPU
		{2602D446-67DE-4B36-928F-D15B9062CEB6}.Debug|Any CPU.ActiveCfg = Debug|Any CPU
		{2602D446-67DE-4B36-928F-D15B9062CEB6}.Debug|Any CPU.Build.0 = Debug|Any CPU
		{2602D446-67DE-4B36-928F-D15B9062CEB6}.Release|Any CPU.ActiveCfg = Release|Any CPU
		{2602D446-67DE-4B36-928F-D15B9062CEB6}.Release|Any CPU.Build.0 = Release|Any CPU
		{9A052072-C8B7-4397-A79B-9E6BBCD3D075}.Debug|Any CPU.ActiveCfg = Debug|Any CPU
		{9A052072-C8B7-4397-A79B-9E6BBCD3D075}.Debug|Any CPU.Build.0 = Debug|Any CPU
		{9A052072-C8B7-4397-A79B-9E6BBCD3D075}.Release|Any CPU.ActiveCfg = Release|Any CPU
		{9A052072-C8B7-4397-A79B-9E6BBCD3D075}.Release|Any CPU.Build.0 = Release|Any CPU
	EndGlobalSection
	GlobalSection(SolutionProperties) = preSolution
		HideSolutionNode = FALSE
	EndGlobalSection
	GlobalSection(NestedProjects) = preSolution
		{CFECA06F-A881-4A26-B7EE-85C7CE0278FC} = {B20BF0C7-EE2E-4CD8-982D-BC2794CD08E5}
		{2602D446-67DE-4B36-928F-D15B9062CEB6} = {7A1F1497-DFA8-40EE-8D29-85CC27149451}
		{9A052072-C8B7-4397-A79B-9E6BBCD3D075} = {95D09120-391B-439F-8BED-051D5F9E5F0A}
		{DE238DF8-C5DD-4B92-B2C4-0ED7EF199BFB} = {DBCAE2D5-F267-4845-B1A7-1C33738F574D}
		{95D09120-391B-439F-8BED-051D5F9E5F0A} = {DBCAE2D5-F267-4845-B1A7-1C33738F574D}
		{B7838164-4067-4F16-B043-4FA98E5DFCF0} = {DBCAE2D5-F267-4845-B1A7-1C33738F574D}
		{7A1F1497-DFA8-40EE-8D29-85CC27149451} = {B7838164-4067-4F16-B043-4FA98E5DFCF0}
		{B20BF0C7-EE2E-4CD8-982D-BC2794CD08E5} = {B7838164-4067-4F16-B043-4FA98E5DFCF0}
		{5622A560-BE58-489F-8D9D-8A293FF8AAC3} = {DBCAE2D5-F267-4845-B1A7-1C33738F574D}
		{B67EDDDD-5848-4CAE-A715-902B01DC0FC4} = {49682776-5234-4281-9604-7F3C95137989}
	EndGlobalSection
	GlobalSection(ExtensibilityGlobals) = postSolution
		SolutionGuid = {1C9856B1-8B17-48F2-9EE2-CCCE0D2CFA94}
	EndGlobalSection
EndGlobal
